{
  "name": "scalvin",
  "version": "1.0.0",
  "lockfileVersion": 3,
  "requires": true,
  "packages": {
    "": {
      "name": "scalvin",
      "version": "1.0.0",
      "license": "MIT",
      "bin": {
        "scalvin": "bin/scalvin.js"
      },
      "engines": {
        "node": ">=20.0.0"
      }
    }
  }
}
